// !$*UTF8*$!
{
	archiveVersion = 1;
	classes = {
	};
	objectVersion = 46;
	objects = {

/* Begin PBXBuildFile section */
		FF3C513A1D2588EF006C6556 /* AppDelegate.swift in Sources */ = {isa = PBXBuildFile; fileRef = FF3C51391D2588EF006C6556 /* AppDelegate.swift */; };
		FF3C513C1D2588EF006C6556 /* ViewController.swift in Sources */ = {isa = PBXBuildFile; fileRef = FF3C513B1D2588EF006C6556 /* ViewController.swift */; };
		FF3C513F1D2588EF006C6556 /* Main.storyboard in Resources */ = {isa = PBXBuildFile; fileRef = FF3C513D1D2588EF006C6556 /* Main.storyboard */; };
		FF3C51411D2588EF006C6556 /* Assets.xcassets in Resources */ = {isa = PBXBuildFile; fileRef = FF3C51401D2588EF006C6556 /* Assets.xcassets */; };
		FF3C51441D2588EF006C6556 /* LaunchScreen.storyboard in Resources */ = {isa = PBXBuildFile; fileRef = FF3C51421D2588EF006C6556 /* LaunchScreen.storyboard */; };
		FF3C514F1D2588EF006C6556 /* CanvasTests.swift in Sources */ = {isa = PBXBuildFile; fileRef = FF3C514E1D2588EF006C6556 /* CanvasTests.swift */; };
		FF3C515A1D2588EF006C6556 /* CanvasUITests.swift in Sources */ = {isa = PBXBuildFile; fileRef = FF3C51591D2588EF006C6556 /* CanvasUITests.swift */; };
		FF3C51681D258976006C6556 /* CanvasViewController.swift in Sources */ = {isa = PBXBuildFile; fileRef = FF3C51671D258976006C6556 /* CanvasViewController.swift */; };
/* End PBXBuildFile section */

/* Begin PBXContainerItemProxy section */
		FF3C514B1D2588EF006C6556 /* PBXContainerItemProxy */ = {
			isa = PBXContainerItemProxy;
			containerPortal = FF3C512E1D2588EF006C6556 /* Project object */;
			proxyType = 1;
			remoteGlobalIDString = FF3C51351D2588EF006C6556;
			remoteInfo = Canvas;
		};
		FF3C51561D2588EF006C6556 /* PBXContainerItemProxy */ = {
			isa = PBXContainerItemProxy;
			containerPortal = FF3C512E1D2588EF006C6556 /* Project object */;
			proxyType = 1;
			remoteGlobalIDString = FF3C51351D2588EF006C6556;
			remoteInfo = Canvas;
		};
/* End PBXContainerItemProxy section */

/* Begin PBXFileReference section */
		FF3C51361D2588EF006C6556 /* Canvas.app */ = {isa = PBXFileReference; explicitFileType = wrapper.application; includeInIndex = 0; path = Canvas.app; sourceTree = BUILT_PRODUCTS_DIR; };
		FF3C51391D2588EF006C6556 /* AppDelegate.swift */ = {isa = PBXFileReference; lastKnownFileType = sourcecode.swift; path = AppDelegate.swift; sourceTree = "<group>"; };
		FF3C513B1D2588EF006C6556 /* ViewController.swift */ = {isa = PBXFileReference; lastKnownFileType = sourcecode.swift; path = ViewController.swift; sourceTree = "<group>"; };
		FF3C513E1D2588EF006C6556 /* Base */ = {isa = PBXFileReference; lastKnownFileType = file.storyboard; name = Base; path = Base.lproj/Main.storyboard; sourceTree = "<group>"; };
		FF3C51401D2588EF006C6556 /* Assets.xcassets */ = {isa = PBXFileReference; lastKnownFileType = folder.assetcatalog; path = Assets.xcassets; sourceTree = "<group>"; };
		FF3C51431D2588EF006C6556 /* Base */ = {isa = PBXFileReference; lastKnownFileType = file.storyboard; name = Base; path = Base.lproj/LaunchScreen.storyboard; sourceTree = "<group>"; };
		FF3C51451D2588EF006C6556 /* Info.plist */ = {isa = PBXFileReference; lastKnownFileType = text.plist.xml; path = Info.plist; sourceTree = "<group>"; };
		FF3C514A1D2588EF006C6556 /* CanvasTests.xctest */ = {isa = PBXFileReference; explicitFileType = wrapper.cfbundle; includeInIndex = 0; path = CanvasTests.xctest; sourceTree = BUILT_PRODUCTS_DIR; };
		FF3C514E1D2588EF006C6556 /* CanvasTests.swift */ = {isa = PBXFileReference; lastKnownFileType = sourcecode.swift; path = CanvasTests.swift; sourceTree = "<group>"; };
		FF3C51501D2588EF006C6556 /* Info.plist */ = {isa = PBXFileReference; lastKnownFileType = text.plist.xml; path = Info.plist; sourceTree = "<group>"; };
		FF3C51551D2588EF006C6556 /* CanvasUITests.xctest */ = {isa = PBXFileReference; explicitFileType = wrapper.cfbundle; includeInIndex = 0; path = CanvasUITests.xctest; sourceTree = BUILT_PRODUCTS_DIR; };
		FF3C51591D2588EF006C6556 /* CanvasUITests.swift */ = {isa = PBXFileReference; lastKnownFileType = sourcecode.swift; path = CanvasUITests.swift; sourceTree = "<group>"; };
		FF3C515B1D2588EF006C6556 /* Info.plist */ = {isa = PBXFileReference; lastKnownFileType = text.plist.xml; path = Info.plist; sourceTree = "<group>"; };
		FF3C51671D258976006C6556 /* CanvasViewController.swift */ = {isa = PBXFileReference; fileEncoding = 4; lastKnownFileType = sourcecode.swift; path = CanvasViewController.swift; sourceTree = "<group>"; };
/* End PBXFileReference section */

/* Begin PBXFrameworksBuildPhase section */
		FF3C51331D2588EF006C6556 /* Frameworks */ = {
			isa = PBXFrameworksBuildPhase;
			buildActionMask = 2147483647;
			files = (
			);
			runOnlyForDeploymentPostprocessing = 0;
		};
		FF3C51471D2588EF006C6556 /* Frameworks */ = {
			isa = PBXFrameworksBuildPhase;
			buildActionMask = 2147483647;
			files = (
			);
			runOnlyForDeploymentPostprocessing = 0;
		};
		FF3C51521D2588EF006C6556 /* Frameworks */ = {
			isa = PBXFrameworksBuildPhase;
			buildActionMask = 2147483647;
			files = (
			);
			runOnlyForDeploymentPostprocessing = 0;
		};
/* End PBXFrameworksBuildPhase section */

/* Begin PBXGroup section */
		FF3C512D1D2588EF006C6556 = {
			isa = PBXGroup;
			children = (
				FF3C51381D2588EF006C6556 /* Canvas */,
				FF3C514D1D2588EF006C6556 /* CanvasTests */,
				FF3C51581D2588EF006C6556 /* CanvasUITests */,
				FF3C51371D2588EF006C6556 /* Products */,
			);
			sourceTree = "<group>";
		};
		FF3C51371D2588EF006C6556 /* Products */ = {
			isa = PBXGroup;
			children = (
				FF3C51361D2588EF006C6556 /* Canvas.app */,
				FF3C514A1D2588EF006C6556 /* CanvasTests.xctest */,
				FF3C51551D2588EF006C6556 /* CanvasUITests.xctest */,
			);
			name = Products;
			sourceTree = "<group>";
		};
		FF3C51381D2588EF006C6556 /* Canvas */ = {
			isa = PBXGroup;
			children = (
				FF3C51391D2588EF006C6556 /* AppDelegate.swift */,
				FF3C513B1D2588EF006C6556 /* ViewController.swift */,
				FF3C513D1D2588EF006C6556 /* Main.storyboard */,
				FF3C51401D2588EF006C6556 /* Assets.xcassets */,
				FF3C51421D2588EF006C6556 /* LaunchScreen.storyboard */,
				FF3C51451D2588EF006C6556 /* Info.plist */,
				FF3C51671D258976006C6556 /* CanvasViewController.swift */,
			);
			path = Canvas;
			sourceTree = "<group>";
		};
		FF3C514D1D2588EF006C6556 /* CanvasTests */ = {
			isa = PBXGroup;
			children = (
				FF3C514E1D2588EF006C6556 /* CanvasTests.swift */,
				FF3C51501D2588EF006C6556 /* Info.plist */,
			);
			path = CanvasTests;
			sourceTree = "<group>";
		};
		FF3C51581D2588EF006C6556 /* CanvasUITests */ = {
			isa = PBXGroup;
			children = (
				FF3C51591D2588EF006C6556 /* CanvasUITests.swift */,
				FF3C515B1D2588EF006C6556 /* Info.plist */,
			);
			path = CanvasUITests;
			sourceTree = "<group>";
		};
/* End PBXGroup section */

/* Begin PBXNativeTarget section */
		FF3C51351D2588EF006C6556 /* Canvas */ = {
			isa = PBXNativeTarget;
			buildConfigurationList = FF3C515E1D2588EF006C6556 /* Build configuration list for PBXNativeTarget "Canvas" */;
			buildPhases = (
				FF3C51321D2588EF006C6556 /* Sources */,
				FF3C51331D2588EF006C6556 /* Frameworks */,
				FF3C51341D2588EF006C6556 /* Resources */,
			);
			buildRules = (
			);
			dependencies = (
			);
			name = Canvas;
			productName = Canvas;
			productReference = FF3C51361D2588EF006C6556 /* Canvas.app */;
			productType = "com.apple.product-type.application";
		};
		FF3C51491D2588EF006C6556 /* CanvasTests */ = {
			isa = PBXNativeTarget;
			buildConfigurationList = FF3C51611D2588EF006C6556 /* Build configuration list for PBXNativeTarget "CanvasTests" */;
			buildPhases = (
				FF3C51461D2588EF006C6556 /* Sources */,
				FF3C51471D2588EF006C6556 /* Frameworks */,
				FF3C51481D2588EF006C6556 /* Resources */,
			);
			buildRules = (
			);
			dependencies = (
				FF3C514C1D2588EF006C6556 /* PBXTargetDependency */,
			);
			name = CanvasTests;
			productName = CanvasTests;
			productReference = FF3C514A1D2588EF006C6556 /* CanvasTests.xctest */;
			productType = "com.apple.product-type.bundle.unit-test";
		};
		FF3C51541D2588EF006C6556 /* CanvasUITests */ = {
			isa = PBXNativeTarget;
			buildConfigurationList = FF3C51641D2588EF006C6556 /* Build configuration list for PBXNativeTarget "CanvasUITests" */;
			buildPhases = (
				FF3C51511D2588EF006C6556 /* Sources */,
				FF3C51521D2588EF006C6556 /* Frameworks */,
				FF3C51531D2588EF006C6556 /* Resources */,
			);
			buildRules = (
			);
			dependencies = (
				FF3C51571D2588EF006C6556 /* PBXTargetDependency */,
			);
			name = CanvasUITests;
			productName = CanvasUITests;
			productReference = FF3C51551D2588EF006C6556 /* CanvasUITests.xctest */;
			productType = "com.apple.product-type.bundle.ui-testing";
		};
/* End PBXNativeTarget section */

/* Begin PBXProject section */
		FF3C512E1D2588EF006C6556 /* Project object */ = {
			isa = PBXProject;
			attributes = {
				LastSwiftUpdateCheck = 0730;
				LastUpgradeCheck = 0730;
				ORGANIZATIONNAME = "Baula Xu";
				TargetAttributes = {
					FF3C51351D2588EF006C6556 = {
						CreatedOnToolsVersion = 7.3.1;
					};
					FF3C51491D2588EF006C6556 = {
						CreatedOnToolsVersion = 7.3.1;
						TestTargetID = FF3C51351D2588EF006C6556;
					};
					FF3C51541D2588EF006C6556 = {
						CreatedOnToolsVersion = 7.3.1;
						TestTargetID = FF3C51351D2588EF006C6556;
					};
				};
			};
			buildConfigurationList = FF3C51311D2588EF006C6556 /* Build configuration list for PBXProject "Canvas" */;
			compatibilityVersion = "Xcode 3.2";
			developmentRegion = English;
			hasScannedForEncodings = 0;
			knownRegions = (
				en,
				Base,
			);
			mainGroup = FF3C512D1D2588EF006C6556;
			productRefGroup = FF3C51371D2588EF006C6556 /* Products */;
			projectDirPath = "";
			projectRoot = "";
			targets = (
				FF3C51351D2588EF006C6556 /* Canvas */,
				FF3C51491D2588EF006C6556 /* CanvasTests */,
				FF3C51541D2588EF006C6556 /* CanvasUITests */,
			);
		};
/* End PBXProject section */

/* Begin PBXResourcesBuildPhase section */
		FF3C51341D2588EF006C6556 /* Resources */ = {
			isa = PBXResourcesBuildPhase;
			buildActionMask = 2147483647;
			files = (
				FF3C51441D2588EF006C6556 /* LaunchScreen.storyboard in Resources */,
				FF3C51411D2588EF006C6556 /* Assets.xcassets in Resources */,
				FF3C513F1D2588EF006C6556 /* Main.storyboard in Resources */,
			);
			runOnlyForDeploymentPostprocessing = 0;
		};
		FF3C51481D2588EF006C6556 /* Resources */ = {
			isa = PBXResourcesBuildPhase;
			buildActionMask = 2147483647;
			files = (
			);
			runOnlyForDeploymentPostprocessing = 0;
		};
		FF3C51531D2588EF006C6556 /* Resources */ = {
			isa = PBXResourcesBuildPhase;
			buildActionMask = 2147483647;
			files = (
			);
			runOnlyForDeploymentPostprocessing = 0;
		};
/* End PBXResourcesBuildPhase section */

/* Begin PBXSourcesBuildPhase section */
		FF3C51321D2588EF006C6556 /* Sources */ = {
			isa = PBXSourcesBuildPhase;
			buildActionMask = 2147483647;
			files = (
				FF3C513C1D2588EF006C6556 /* ViewController.swift in Sources */,
				FF3C51681D258976006C6556 /* CanvasViewController.swift in Sources */,
				FF3C513A1D2588EF006C6556 /* AppDelegate.swift in Sources */,
			);
			runOnlyForDeploymentPostprocessing = 0;
		};
		FF3C51461D2588EF006C6556 /* Sources */ = {
			isa = PBXSourcesBuildPhase;
			buildActionMask = 2147483647;
			files = (
				FF3C514F1D2588EF006C6556 /* CanvasTests.swift in Sources */,
			);
			runOnlyForDeploymentPostprocessing = 0;
		};
		FF3C51511D2588EF006C6556 /* Sources */ = {
			isa = PBXSourcesBuildPhase;
			buildActionMask = 2147483647;
			files = (
				FF3C515A1D2588EF006C6556 /* CanvasUITests.swift in Sources */,
			);
			runOnlyForDeploymentPostprocessing = 0;
		};
/* End PBXSourcesBuildPhase section */

/* Begin PBXTargetDependency section */
		FF3C514C1D2588EF006C6556 /* PBXTargetDependency */ = {
			isa = PBXTargetDependency;
			target = FF3C51351D2588EF006C6556 /* Canvas */;
			targetProxy = FF3C514B1D2588EF006C6556 /* PBXContainerItemProxy */;
		};
		FF3C51571D2588EF006C6556 /* PBXTargetDependency */ = {
			isa = PBXTargetDependency;
			target = FF3C51351D2588EF006C6556 /* Canvas */;
			targetProxy = FF3C51561D2588EF006C6556 /* PBXContainerItemProxy */;
		};
/* End PBXTargetDependency section */

/* Begin PBXVariantGroup section */
		FF3C513D1D2588EF006C6556 /* Main.storyboard */ = {
			isa = PBXVariantGroup;
			children = (
				FF3C513E1D2588EF006C6556 /* Base */,
			);
			name = Main.storyboard;
			sourceTree = "<group>";
		};
		FF3C51421D2588EF006C6556 /* LaunchScreen.storyboard */ = {
			isa = PBXVariantGroup;
			children = (
				FF3C51431D2588EF006C6556 /* Base */,
			);
			name = LaunchScreen.storyboard;
			sourceTree = "<group>";
		};
/* End PBXVariantGroup section */

/* Begin XCBuildConfiguration section */
		FF3C515C1D2588EF006C6556 /* Debug */ = {
			isa = XCBuildConfiguration;
			buildSettings = {
				ALWAYS_SEARCH_USER_PATHS = NO;
				CLANG_ANALYZER_NONNULL = YES;
				CLANG_CXX_LANGUAGE_STANDARD = "gnu++0x";
				CLANG_CXX_LIBRARY = "libc++";
				CLANG_ENABLE_MODULES = YES;
				CLANG_ENABLE_OBJC_ARC = YES;
				CLANG_WARN_BOOL_CONVERSION = YES;
				CLANG_WARN_CONSTANT_CONVERSION = YES;
				CLANG_WARN_DIRECT_OBJC_ISA_USAGE = YES_ERROR;
				CLANG_WARN_EMPTY_BODY = YES;
				CLANG_WARN_ENUM_CONVERSION = YES;
				CLANG_WARN_INT_CONVERSION = YES;
				CLANG_WARN_OBJC_ROOT_CLASS = YES_ERROR;
				CLANG_WARN_UNREACHABLE_CODE = YES;
				CLANG_WARN__DUPLICATE_METHOD_MATCH = YES;
				"CODE_SIGN_IDENTITY[sdk=iphoneos*]" = "iPhone Developer";
				COPY_PHASE_STRIP = NO;
				DEBUG_INFORMATION_FORMAT = dwarf;
				ENABLE_STRICT_OBJC_MSGSEND = YES;
				ENABLE_TESTABILITY = YES;
				GCC_C_LANGUAGE_STANDARD = gnu99;
				GCC_DYNAMIC_NO_PIC = NO;
				GCC_NO_COMMON_BLOCKS = YES;
				GCC_OPTIMIZATION_LEVEL = 0;
				GCC_PREPROCESSOR_DEFINITIONS = (
					"DEBUG=1",
					"$(inherited)",
				);
				GCC_WARN_64_TO_32_BIT_CONVERSION = YES;
				GCC_WARN_ABOUT_RETURN_TYPE = YES_ERROR;
				GCC_WARN_UNDECLARED_SELECTOR = YES;
				GCC_WARN_UNINITIALIZED_AUTOS = YES_AGGRESSIVE;
				GCC_WARN_UNUSED_FUNCTION = YES;
				GCC_WARN_UNUSED_VARIABLE = YES;
				IPHONEOS_DEPLOYMENT_TARGET = 9.3;
				MTL_ENABLE_DEBUG_INFO = YES;
				ONLY_ACTIVE_ARCH = YES;
				SDKROOT = iphoneos;
				SWIFT_OPTIMIZATION_LEVEL = "-Onone";
			};
			name = Debug;
		};
		FF3C515D1D2588EF006C6556 /* Release */ = {
			isa = XCBuildConfiguration;
			buildSettings = {
				ALWAYS_SEARCH_USER_PATHS = NO;
				CLANG_ANALYZER_NONNULL = YES;
				CLANG_CXX_LANGUAGE_STANDARD = "gnu++0x";
				CLANG_CXX_LIBRARY = "libc++";
				CLANG_ENABLE_MODULES = YES;
				CLANG_ENABLE_OBJC_ARC = YES;
				CLANG_WARN_BOOL_CONVERSION = YES;
				CLANG_WARN_CONSTANT_CONVERSION = YES;
				CLANG_WARN_DIRECT_OBJC_ISA_USAGE = YES_ERROR;
				CLANG_WARN_EMPTY_BODY = YES;
				CLANG_WARN_ENUM_CONVERSION = YES;
				CLANG_WARN_INT_CONVERSION = YES;
				CLANG_WARN_OBJC_ROOT_CLASS = YES_ERROR;
				CLANG_WARN_UNREACHABLE_CODE = YES;
				CLANG_WARN__DUPLICATE_METHOD_MATCH = YES;
				"CODE_SIGN_IDENTITY[sdk=iphoneos*]" = "iPhone Developer";
				COPY_PHASE_STRIP = NO;
				DEBUG_INFORMATION_FORMAT = "dwarf-with-dsym";
				ENABLE_NS_ASSERTIONS = NO;
				ENABLE_STRICT_OBJC_MSGSEND = YES;
				GCC_C_LANGUAGE_STANDARD = gnu99;
				GCC_NO_COMMON_BLOCKS = YES;
				GCC_WARN_64_TO_32_BIT_CONVERSION = YES;
				GCC_WARN_ABOUT_RETURN_TYPE = YES_ERROR;
				GCC_WARN_UNDECLARED_SELECTOR = YES;
				GCC_WARN_UNINITIALIZED_AUTOS = YES_AGGRESSIVE;
				GCC_WARN_UNUSED_FUNCTION = YES;
				GCC_WARN_UNUSED_VARIABLE = YES;
				IPHONEOS_DEPLOYMENT_TARGET = 9.3;
				MTL_ENABLE_DEBUG_INFO = NO;
				SDKROOT = iphoneos;
				VALIDATE_PRODUCT = YES;
			};
			name = Release;
		};
		FF3C515F1D2588EF006C6556 /* Debug */ = {
			isa = XCBuildConfiguration;
			buildSettings = {
				ASSETCATALOG_COMPILER_APPICON_NAME = AppIcon;
				INFOPLIST_FILE = Canvas/Info.plist;
				LD_RUNPATH_SEARCH_PATHS = "$(inherited) @executable_path/Frameworks";
				PRODUCT_BUNDLE_IDENTIFIER = com.codepath.Canvas;
				PRODUCT_NAME = "$(TARGET_NAME)";
			};
			name = Debug;
		};
		FF3C51601D2588EF006C6556 /* Release */ = {
			isa = XCBuildConfiguration;
			buildSettings = {
				ASSETCATALOG_COMPILER_APPICON_NAME = AppIcon;
				INFOPLIST_FILE = Canvas/Info.plist;
				LD_RUNPATH_SEARCH_PATHS = "$(inherited) @executable_path/Frameworks";
				PRODUCT_BUNDLE_IDENTIFIER = com.codepath.Canvas;
				PRODUCT_NAME = "$(TARGET_NAME)";
			};
			name = Release;
		};
		FF3C51621D2588EF006C6556 /* Debug */ = {
			isa = XCBuildConfiguration;
			buildSettings = {
				BUNDLE_LOADER = "$(TEST_HOST)";
				INFOPLIST_FILE = CanvasTests/Info.plist;
				LD_RUNPATH_SEARCH_PATHS = "$(inherited) @executable_path/Frameworks @loader_path/Frameworks";
				PRODUCT_BUNDLE_IDENTIFIER = com.codepath.CanvasTests;
				PRODUCT_NAME = "$(TARGET_NAME)";
				TEST_HOST = "$(BUILT_PRODUCTS_DIR)/Canvas.app/Canvas";
			};
			name = Debug;
		};
		FF3C51631D2588EF006C6556 /* Release */ = {
			isa = XCBuildConfiguration;
			buildSettings = {
				BUNDLE_LOADER = "$(TEST_HOST)";
				INFOPLIST_FILE = CanvasTests/Info.plist;
				LD_RUNPATH_SEARCH_PATHS = "$(inherited) @executable_path/Frameworks @loader_path/Frameworks";
				PRODUCT_BUNDLE_IDENTIFIER = com.codepath.CanvasTests;
				PRODUCT_NAME = "$(TARGET_NAME)";
				TEST_HOST = "$(BUILT_PRODUCTS_DIR)/Canvas.app/Canvas";
			};
			name = Release;
		};
		FF3C51651D2588EF006C6556 /* Debug */ = {
			isa = XCBuildConfiguration;
			buildSettings = {
				INFOPLIST_FILE = CanvasUITests/Info.plist;
				LD_RUNPATH_SEARCH_PATHS = "$(inherited) @executable_path/Frameworks @loader_path/Frameworks";
				PRODUCT_BUNDLE_IDENTIFIER = com.codepath.CanvasUITests;
				PRODUCT_NAME = "$(TARGET_NAME)";
				TEST_TARGET_NAME = Canvas;
			};
			name = Debug;
		};
		FF3C51661D2588EF006C6556 /* Release */ = {
			isa = XCBuildConfiguration;
			buildSettings = {
				INFOPLIST_FILE = CanvasUITests/Info.plist;
				LD_RUNPATH_SEARCH_PATHS = "$(inherited) @executable_path/Frameworks @loader_path/Frameworks";
				PRODUCT_BUNDLE_IDENTIFIER = com.codepath.CanvasUITests;
				PRODUCT_NAME = "$(TARGET_NAME)";
				TEST_TARGET_NAME = Canvas;
			};
			name = Release;
		};
/* End XCBuildConfiguration section */

/* Begin XCConfigurationList section */
		FF3C51311D2588EF006C6556 /* Build configuration list for PBXProject "Canvas" */ = {
			isa = XCConfigurationList;
			buildConfigurations = (
				FF3C515C1D2588EF006C6556 /* Debug */,
				FF3C515D1D2588EF006C6556 /* Release */,
			);
			defaultConfigurationIsVisible = 0;
			defaultConfigurationName = Release;
		};
		FF3C515E1D2588EF006C6556 /* Build configuration list for PBXNativeTarget "Canvas" */ = {
			isa = XCConfigurationList;
			buildConfigurations = (
				FF3C515F1D2588EF006C6556 /* Debug */,
				FF3C51601D2588EF006C6556 /* Release */,
			);
			defaultConfigurationIsVisible = 0;
			defaultConfigurationName = Release;
		};
		FF3C51611D2588EF006C6556 /* Build configuration list for PBXNativeTarget "CanvasTests" */ = {
			isa = XCConfigurationList;
			buildConfigurations = (
				FF3C51621D2588EF006C6556 /* Debug */,
				FF3C51631D2588EF006C6556 /* Release */,
			);
			defaultConfigurationIsVisible = 0;
			defaultConfigurationName = Release;
		};
		FF3C51641D2588EF006C6556 /* Build configuration list for PBXNativeTarget "CanvasUITests" */ = {
			isa = XCConfigurationList;
			buildConfigurations = (
				FF3C51651D2588EF006C6556 /* Debug */,
				FF3C51661D2588EF006C6556 /* Release */,
			);
			defaultConfigurationIsVisible = 0;
			defaultConfigurationName = Release;
		};
/* End XCConfigurationList section */
	};
	rootObject = FF3C512E1D2588EF006C6556 /* Project object */;
}
